
Microsoft Visual Studio Solution File, Format Version 12.00
# Visual Studio 15
Project("{FAE04EC0-301F-11D3-BF4B-00C04F79EFBC}") = "MobileAppFormsTabbed1.Android", "MobileAppFormsTabbed1.Android\MobileAppFormsTabbed1.Android.csproj", "{E6737ECA-06A1-48F6-AF35-7343ADCFB933}"
EndProject
Project("{FAE04EC0-301F-11D3-BF4B-00C04F79EFBC}") = "MobileAppFormsTabbed1", "MobileAppFormsTabbed1\MobileAppFormsTabbed1.csproj", "{7738E224-0BC9-4B22-A29D-53FAC717BF69}"
EndProject
Global
	GlobalSection(SolutionConfigurationPlatforms) = preSolution
		Debug|Any CPU = Debug|Any CPU
		Release|Any CPU = Release|Any CPU
	EndGlobalSection
	GlobalSection(ProjectConfigurationPlatforms) = postSolution
		{E6737ECA-06A1-48F6-AF35-7343ADCFB933}.Debug|Any CPU.ActiveCfg = Debug|Any CPU
		{E6737ECA-06A1-48F6-AF35-7343ADCFB933}.Debug|Any CPU.Build.0 = Debug|Any CPU
		{E6737ECA-06A1-48F6-AF35-7343ADCFB933}.Release|Any CPU.ActiveCfg = Release|Any CPU
		{E6737ECA-06A1-48F6-AF35-7343ADCFB933}.Release|Any CPU.Build.0 = Release|Any CPU
		{7738E224-0BC9-4B22-A29D-53FAC717BF69}.Debug|Any CPU.ActiveCfg = Debug|Any CPU
		{7738E224-0BC9-4B22-A29D-53FAC717BF69}.Debug|Any CPU.Build.0 = Debug|Any CPU
		{7738E224-0BC9-4B22-A29D-53FAC717BF69}.Release|Any CPU.ActiveCfg = Release|Any CPU
		{7738E224-0BC9-4B22-A29D-53FAC717BF69}.Release|Any CPU.Build.0 = Release|Any CPU
	EndGlobalSection
EndGlobal
