
Microsoft Visual Studio Solution File, Format Version 12.00
# Visual Studio 15
Project("{FAE04EC0-301F-11D3-BF4B-00C04F79EFBC}") = "AndroidAppSingleView1", "AndroidAppSingleView1.csproj", "{2E230191-0B7F-4CE3-87C5-F54CB7A2DFDE}"
EndProject
Global
	GlobalSection(SolutionConfigurationPlatforms) = preSolution
		Debug|Any CPU = Debug|Any CPU
		Release|Any CPU = Release|Any CPU
	EndGlobalSection
	GlobalSection(ProjectConfigurationPlatforms) = postSolution
		{2E230191-0B7F-4CE3-87C5-F54CB7A2DFDE}.Debug|Any CPU.ActiveCfg = Debug|Any CPU
		{2E230191-0B7F-4CE3-87C5-F54CB7A2DFDE}.Debug|Any CPU.Build.0 = Debug|Any CPU
		{2E230191-0B7F-4CE3-87C5-F54CB7A2DFDE}.Release|Any CPU.ActiveCfg = Release|Any CPU
		{2E230191-0B7F-4CE3-87C5-F54CB7A2DFDE}.Release|Any CPU.Build.0 = Release|Any CPU
	EndGlobalSection
EndGlobal
